<?xml version="1.0" encoding="utf-8"?>
<Project ToolsVersion="4.0" xmlns="http://schemas.microsoft.com/developer/msbuild/2003">
  <ItemGroup>
    <Filter Include="include">
      <UniqueIdentifier>{161ce8dd-dc5f-42f4-880f-c3a07e4e2212}</UniqueIdentifier>
    </Filter>
    <Filter Include="src">
      <UniqueIdentifier>{e9ae80d1-ea13-4633-967c-b07683325125}</UniqueIdentifier>
    </Filter>
  </ItemGroup>
  <ItemGroup>
    <ClCompile Include="SamuraiConsole.cpp">
      <Filter>src</Filter>
    </ClCompile>
    <ClCompile Include="..\src\MultiCube.cpp">
      <Filter>src</Filter>
    </ClCompile>
  </ItemGroup>
  <ItemGroup>
    <ClInclude Include="cxxopts.hpp">
      <Filter>include</Filter>
    </ClInclude>
    <ClInclude Include="..\include\MultiCube.h">
      <Filter>include</Filter>
    </ClInclude>
    <ClInclude Include="..\include\robin_hood.h">
      <Filter>include</Filter>
    </ClInclude>
  </ItemGroup>
</Project>